
Microsoft Visual Studio Solution File, Format Version 12.00
# Visual Studio Version 16
VisualStudioVersion = 16.0.30011.22
MinimumVisualStudioVersion = 10.0.40219.1
Project("{FAE04EC0-301F-11D3-BF4B-00C04F79EFBC}") = "TinyCrm", "TinyCrm.csproj", "{6671EBA5-F1D0-408C-9215-D61E3B2F9DD3}"
EndProject
Global
	GlobalSection(SolutionConfigurationPlatforms) = preSolution
		Debug|Any CPU = Debug|Any CPU
		Release|Any CPU = Release|Any CPU
	EndGlobalSection
	GlobalSection(ProjectConfigurationPlatforms) = postSolution
		{6671EBA5-F1D0-408C-9215-D61E3B2F9DD3}.Debug|Any CPU.ActiveCfg = Debug|Any CPU
		{6671EBA5-F1D0-408C-9215-D61E3B2F9DD3}.Debug|Any CPU.Build.0 = Debug|Any CPU
		{6671EBA5-F1D0-408C-9215-D61E3B2F9DD3}.Release|Any CPU.ActiveCfg = Release|Any CPU
		{6671EBA5-F1D0-408C-9215-D61E3B2F9DD3}.Release|Any CPU.Build.0 = Release|Any CPU
	EndGlobalSection
	GlobalSection(SolutionProperties) = preSolution
		HideSolutionNode = FALSE
	EndGlobalSection
	GlobalSection(ExtensibilityGlobals) = postSolution
		SolutionGuid = {4C8125E3-C0CC-422B-BCD7-870AEB6AC60E}
	EndGlobalSection
EndGlobal
